lockfileVersion: '9.0'

settings:
  autoInstallPeers: true
  excludeLinksFromLockfile: false

importers:

  .:
    dependencies:
      nodemailer:
        specifier: ^7.0.13
        version: 7.0.13
    devDependencies:
      '@types/nodemailer':
        specifier: ^7.0.9
        version: 7.0.9

packages:

  '@types/node@25.0.10':
    resolution: {integrity: sha512-zWW5KPngR/yvakJgGOmZ5vTBemDoSqF3AcV/LrO5u5wTWyEAVVh+IT39G4gtyAkh3CtTZs8aX/yRM82OfzHJRg==}

  '@types/nodemailer@7.0.9':
    resolution: {integrity: sha512-vI8oF1M+8JvQhsId0Pc38BdUP2evenIIys7c7p+9OZXSPOH5c1dyINP1jT8xQ2xPuBUXmIC87s+91IZMDjH8Ow==}

  nodemailer@7.0.13:
    resolution: {integrity: sha512-PNDFSJdP+KFgdsG3ZzMXCgquO7I6McjY2vlqILjtJd0hy8wEvtugS9xKRF2NWlPNGxvLCXlTNIae4serI7dinw==}
    engines: {node: '>=6.0.0'}

  undici-types@7.16.0:
    resolution: {integrity: sha512-Zz+aZWSj8LE6zoxD+xrjh4VfkIG8Ya6LvYkZqtUQGJPZjYl53ypCaUwWqo7eI0x66KBGeRo+mlBEkMSeSZ38Nw==}

snapshots:

  '@types/node@25.0.10':
    dependencies:
      undici-types: 7.16.0

  '@types/nodemailer@7.0.9':
    dependencies:
      '@types/node': 25.0.10

  nodemailer@7.0.13: {}

  undici-types@7.16.0: {}
